
Microsoft Visual Studio Solution File, Format Version 12.00
# Visual Studio Version 17
VisualStudioVersion = 17.8.34330.188
MinimumVisualStudioVersion = 10.0.40219.1
Project("{FAE04EC0-301F-11D3-BF4B-00C04F79EFBC}") = "СУБД АВТОСЕРВИС", "СУБД АВТОСЕРВИС\СУБД АВТОСЕРВИС.csproj", "{AEED8411-FD68-47B5-BB62-009922B025A2}"
EndProject
Global
	GlobalSection(SolutionConfigurationPlatforms) = preSolution
		Debug|Any CPU = Debug|Any CPU
		Release|Any CPU = Release|Any CPU
	EndGlobalSection
	GlobalSection(ProjectConfigurationPlatforms) = postSolution
		{AEED8411-FD68-47B5-BB62-009922B025A2}.Debug|Any CPU.ActiveCfg = Debug|Any CPU
		{AEED8411-FD68-47B5-BB62-009922B025A2}.Debug|Any CPU.Build.0 = Debug|Any CPU
		{AEED8411-FD68-47B5-BB62-009922B025A2}.Release|Any CPU.ActiveCfg = Release|Any CPU
		{AEED8411-FD68-47B5-BB62-009922B025A2}.Release|Any CPU.Build.0 = Release|Any CPU
	EndGlobalSection
	GlobalSection(SolutionProperties) = preSolution
		HideSolutionNode = FALSE
	EndGlobalSection
	GlobalSection(ExtensibilityGlobals) = postSolution
		SolutionGuid = {C254A87D-39FA-4817-9071-63E913DA6096}
	EndGlobalSection
EndGlobal
